
Microsoft Visual Studio Solution File, Format Version 12.00
# Visual Studio 14
VisualStudioVersion = 14.0.25420.1
MinimumVisualStudioVersion = 10.0.40219.1
Project("{FAE04EC0-301F-11D3-BF4B-00C04F79EFBC}") = "MostDatabase", "MostDatabase\MostDatabase.csproj", "{5CB452C1-F630-4536-ADFE-D4688FBFD296}"
EndProject
Project("{FAE04EC0-301F-11D3-BF4B-00C04F79EFBC}") = "MostDatabase.Models", "MostDatabase.Models\MostDatabase.Models.csproj", "{429C7CDE-5803-4904-8A24-7F2443A34B83}"
EndProject
Global
	GlobalSection(SolutionConfigurationPlatforms) = preSolution
		Debug|Any CPU = Debug|Any CPU
		Release|Any CPU = Release|Any CPU
	EndGlobalSection
	GlobalSection(ProjectConfigurationPlatforms) = postSolution
		{5CB452C1-F630-4536-ADFE-D4688FBFD296}.Debug|Any CPU.ActiveCfg = Debug|Any CPU
		{5CB452C1-F630-4536-ADFE-D4688FBFD296}.Debug|Any CPU.Build.0 = Debug|Any CPU
		{5CB452C1-F630-4536-ADFE-D4688FBFD296}.Release|Any CPU.ActiveCfg = Release|Any CPU
		{5CB452C1-F630-4536-ADFE-D4688FBFD296}.Release|Any CPU.Build.0 = Release|Any CPU
		{429C7CDE-5803-4904-8A24-7F2443A34B83}.Debug|Any CPU.ActiveCfg = Debug|Any CPU
		{429C7CDE-5803-4904-8A24-7F2443A34B83}.Debug|Any CPU.Build.0 = Debug|Any CPU
		{429C7CDE-5803-4904-8A24-7F2443A34B83}.Release|Any CPU.ActiveCfg = Release|Any CPU
		{429C7CDE-5803-4904-8A24-7F2443A34B83}.Release|Any CPU.Build.0 = Release|Any CPU
	EndGlobalSection
	GlobalSection(SolutionProperties) = preSolution
		HideSolutionNode = FALSE
	EndGlobalSection
EndGlobal
