
Microsoft Visual Studio Solution File, Format Version 12.00
# Visual Studio 14
VisualStudioVersion = 14.0.25420.1
MinimumVisualStudioVersion = 10.0.40219.1
Project("{FAE04EC0-301F-11D3-BF4B-00C04F79EFBC}") = "Task1", "Task1\Task1.csproj", "{CCD76967-B63A-4F66-AF27-982FC70BB6C9}"
EndProject
Project("{FAE04EC0-301F-11D3-BF4B-00C04F79EFBC}") = "Task 2", "Task 2\Task 2.csproj", "{4EA3E76D-B294-4761-AE63-106257DFC60F}"
EndProject
Project("{FAE04EC0-301F-11D3-BF4B-00C04F79EFBC}") = "Task2-2", "Task2-2\Task2-2.csproj", "{1D4DEEDB-0538-45E8-B12B-12561841335C}"
EndProject
Project("{FAE04EC0-301F-11D3-BF4B-00C04F79EFBC}") = "Task 3", "Task 3\Task 3.csproj", "{C6A8BE2D-A7A4-4D58-AB09-67B59E542088}"
EndProject
Global
	GlobalSection(SolutionConfigurationPlatforms) = preSolution
		Debug|Any CPU = Debug|Any CPU
		Release|Any CPU = Release|Any CPU
	EndGlobalSection
	GlobalSection(ProjectConfigurationPlatforms) = postSolution
		{CCD76967-B63A-4F66-AF27-982FC70BB6C9}.Debug|Any CPU.ActiveCfg = Debug|Any CPU
		{CCD76967-B63A-4F66-AF27-982FC70BB6C9}.Debug|Any CPU.Build.0 = Debug|Any CPU
		{CCD76967-B63A-4F66-AF27-982FC70BB6C9}.Release|Any CPU.ActiveCfg = Release|Any CPU
		{CCD76967-B63A-4F66-AF27-982FC70BB6C9}.Release|Any CPU.Build.0 = Release|Any CPU
		{4EA3E76D-B294-4761-AE63-106257DFC60F}.Debug|Any CPU.ActiveCfg = Debug|Any CPU
		{4EA3E76D-B294-4761-AE63-106257DFC60F}.Debug|Any CPU.Build.0 = Debug|Any CPU
		{4EA3E76D-B294-4761-AE63-106257DFC60F}.Release|Any CPU.ActiveCfg = Release|Any CPU
		{4EA3E76D-B294-4761-AE63-106257DFC60F}.Release|Any CPU.Build.0 = Release|Any CPU
		{1D4DEEDB-0538-45E8-B12B-12561841335C}.Debug|Any CPU.ActiveCfg = Debug|Any CPU
		{1D4DEEDB-0538-45E8-B12B-12561841335C}.Debug|Any CPU.Build.0 = Debug|Any CPU
		{1D4DEEDB-0538-45E8-B12B-12561841335C}.Release|Any CPU.ActiveCfg = Release|Any CPU
		{1D4DEEDB-0538-45E8-B12B-12561841335C}.Release|Any CPU.Build.0 = Release|Any CPU
		{C6A8BE2D-A7A4-4D58-AB09-67B59E542088}.Debug|Any CPU.ActiveCfg = Debug|Any CPU
		{C6A8BE2D-A7A4-4D58-AB09-67B59E542088}.Debug|Any CPU.Build.0 = Debug|Any CPU
		{C6A8BE2D-A7A4-4D58-AB09-67B59E542088}.Release|Any CPU.ActiveCfg = Release|Any CPU
		{C6A8BE2D-A7A4-4D58-AB09-67B59E542088}.Release|Any CPU.Build.0 = Release|Any CPU
	EndGlobalSection
	GlobalSection(SolutionProperties) = preSolution
		HideSolutionNode = FALSE
	EndGlobalSection
EndGlobal
