
Microsoft Visual Studio Solution File, Format Version 12.00
# Visual Studio 14
VisualStudioVersion = 14.0.25420.1
MinimumVisualStudioVersion = 10.0.40219.1
Project("{FAE04EC0-301F-11D3-BF4B-00C04F79EFBC}") = "01. reads from the console", "01. reads from the console\01. reads from the console.csproj", "{6304E1CB-D102-4609-A08D-7851D0DF41FF}"
EndProject
Project("{FAE04EC0-301F-11D3-BF4B-00C04F79EFBC}") = "02. reads N integers", "reads N integers\02. reads N integers.csproj", "{23A217E9-C12D-4188-9E75-7765616DF4EF}"
EndProject
Project("{FAE04EC0-301F-11D3-BF4B-00C04F79EFBC}") = "03. Sequence of integers", "03. Sequence of integers\03. Sequence of integers.csproj", "{4A0B2E1A-5121-4FA2-8EA2-A8FA313A9B2D}"
EndProject
Project("{FAE04EC0-301F-11D3-BF4B-00C04F79EFBC}") = "04. Longest subsequence", "04. Longest subsequence\04. Longest subsequence.csproj", "{B7C0AECF-DE8E-4BC8-B254-111223DECA2D}"
EndProject
Project("{FAE04EC0-301F-11D3-BF4B-00C04F79EFBC}") = "05. Removes all negative numbers", "05. Removes all negative numbers\05. Removes all negative numbers.csproj", "{F77259FB-1293-4843-AC5B-90EFD8469E82}"
EndProject
Project("{FAE04EC0-301F-11D3-BF4B-00C04F79EFBC}") = "06. Removes occur odd number of times", "06. Removes occur odd number of times\06. Removes occur odd number of times.csproj", "{EF5CFE8C-85B8-4277-A2A6-EECF39A7202E}"
EndProject
Project("{FAE04EC0-301F-11D3-BF4B-00C04F79EFBC}") = "07. How many times each of them occurs", "07. How many times each of them occurs\07. How many times each of them occurs.csproj", "{9F0B6172-63D1-4132-B4B2-1ED75964A36B}"
EndProject
Project("{FAE04EC0-301F-11D3-BF4B-00C04F79EFBC}") = "08. FindArrayMajorant", "08. FindArrayMajorant\08. FindArrayMajorant.csproj", "{624BCEDA-6217-4527-BB44-91EB39A78E61}"
EndProject
Global
	GlobalSection(SolutionConfigurationPlatforms) = preSolution
		Debug|Any CPU = Debug|Any CPU
		Release|Any CPU = Release|Any CPU
	EndGlobalSection
	GlobalSection(ProjectConfigurationPlatforms) = postSolution
		{6304E1CB-D102-4609-A08D-7851D0DF41FF}.Debug|Any CPU.ActiveCfg = Debug|Any CPU
		{6304E1CB-D102-4609-A08D-7851D0DF41FF}.Debug|Any CPU.Build.0 = Debug|Any CPU
		{6304E1CB-D102-4609-A08D-7851D0DF41FF}.Release|Any CPU.ActiveCfg = Release|Any CPU
		{6304E1CB-D102-4609-A08D-7851D0DF41FF}.Release|Any CPU.Build.0 = Release|Any CPU
		{23A217E9-C12D-4188-9E75-7765616DF4EF}.Debug|Any CPU.ActiveCfg = Debug|Any CPU
		{23A217E9-C12D-4188-9E75-7765616DF4EF}.Debug|Any CPU.Build.0 = Debug|Any CPU
		{23A217E9-C12D-4188-9E75-7765616DF4EF}.Release|Any CPU.ActiveCfg = Release|Any CPU
		{23A217E9-C12D-4188-9E75-7765616DF4EF}.Release|Any CPU.Build.0 = Release|Any CPU
		{4A0B2E1A-5121-4FA2-8EA2-A8FA313A9B2D}.Debug|Any CPU.ActiveCfg = Debug|Any CPU
		{4A0B2E1A-5121-4FA2-8EA2-A8FA313A9B2D}.Debug|Any CPU.Build.0 = Debug|Any CPU
		{4A0B2E1A-5121-4FA2-8EA2-A8FA313A9B2D}.Release|Any CPU.ActiveCfg = Release|Any CPU
		{4A0B2E1A-5121-4FA2-8EA2-A8FA313A9B2D}.Release|Any CPU.Build.0 = Release|Any CPU
		{B7C0AECF-DE8E-4BC8-B254-111223DECA2D}.Debug|Any CPU.ActiveCfg = Debug|Any CPU
		{B7C0AECF-DE8E-4BC8-B254-111223DECA2D}.Debug|Any CPU.Build.0 = Debug|Any CPU
		{B7C0AECF-DE8E-4BC8-B254-111223DECA2D}.Release|Any CPU.ActiveCfg = Release|Any CPU
		{B7C0AECF-DE8E-4BC8-B254-111223DECA2D}.Release|Any CPU.Build.0 = Release|Any CPU
		{F77259FB-1293-4843-AC5B-90EFD8469E82}.Debug|Any CPU.ActiveCfg = Debug|Any CPU
		{F77259FB-1293-4843-AC5B-90EFD8469E82}.Debug|Any CPU.Build.0 = Debug|Any CPU
		{F77259FB-1293-4843-AC5B-90EFD8469E82}.Release|Any CPU.ActiveCfg = Release|Any CPU
		{F77259FB-1293-4843-AC5B-90EFD8469E82}.Release|Any CPU.Build.0 = Release|Any CPU
		{EF5CFE8C-85B8-4277-A2A6-EECF39A7202E}.Debug|Any CPU.ActiveCfg = Debug|Any CPU
		{EF5CFE8C-85B8-4277-A2A6-EECF39A7202E}.Debug|Any CPU.Build.0 = Debug|Any CPU
		{EF5CFE8C-85B8-4277-A2A6-EECF39A7202E}.Release|Any CPU.ActiveCfg = Release|Any CPU
		{EF5CFE8C-85B8-4277-A2A6-EECF39A7202E}.Release|Any CPU.Build.0 = Release|Any CPU
		{9F0B6172-63D1-4132-B4B2-1ED75964A36B}.Debug|Any CPU.ActiveCfg = Debug|Any CPU
		{9F0B6172-63D1-4132-B4B2-1ED75964A36B}.Debug|Any CPU.Build.0 = Debug|Any CPU
		{9F0B6172-63D1-4132-B4B2-1ED75964A36B}.Release|Any CPU.ActiveCfg = Release|Any CPU
		{9F0B6172-63D1-4132-B4B2-1ED75964A36B}.Release|Any CPU.Build.0 = Release|Any CPU
		{624BCEDA-6217-4527-BB44-91EB39A78E61}.Debug|Any CPU.ActiveCfg = Debug|Any CPU
		{624BCEDA-6217-4527-BB44-91EB39A78E61}.Debug|Any CPU.Build.0 = Debug|Any CPU
		{624BCEDA-6217-4527-BB44-91EB39A78E61}.Release|Any CPU.ActiveCfg = Release|Any CPU
		{624BCEDA-6217-4527-BB44-91EB39A78E61}.Release|Any CPU.Build.0 = Release|Any CPU
	EndGlobalSection
	GlobalSection(SolutionProperties) = preSolution
		HideSolutionNode = FALSE
	EndGlobalSection
EndGlobal
