
Microsoft Visual Studio Solution File, Format Version 12.00
# Visual Studio 14
VisualStudioVersion = 14.0.25420.1
MinimumVisualStudioVersion = 10.0.40219.1
Project("{FAE04EC0-301F-11D3-BF4B-00C04F79EFBC}") = "StringSearching", "Program\StringSearching.csproj", "{7ADDF464-F6BB-40AC-83CD-A52DC559375A}"
EndProject
Project("{FAE04EC0-301F-11D3-BF4B-00C04F79EFBC}") = "RabinKarp", "RabinKarp\RabinKarp.csproj", "{3C49010D-AE78-420D-B856-F6D3E2CA1706}"
EndProject
Project("{FAE04EC0-301F-11D3-BF4B-00C04F79EFBC}") = "KMP", "KMP\KMP.csproj", "{B2D4E1C0-1A18-49A6-8E30-D8BBA427D3BF}"
EndProject
Project("{FAE04EC0-301F-11D3-BF4B-00C04F79EFBC}") = "AhoCorasick", "AhoCorasick\AhoCorasick.csproj", "{FCF3580E-2FDC-4694-9A04-A1B5265181A9}"
EndProject
Project("{FAE04EC0-301F-11D3-BF4B-00C04F79EFBC}") = "Closest teo points", "Closest teo points\Closest teo points.csproj", "{356A237D-FEFC-42A3-823E-71D62D8EB9BE}"
EndProject
Global
	GlobalSection(SolutionConfigurationPlatforms) = preSolution
		Debug|Any CPU = Debug|Any CPU
		Release|Any CPU = Release|Any CPU
	EndGlobalSection
	GlobalSection(ProjectConfigurationPlatforms) = postSolution
		{7ADDF464-F6BB-40AC-83CD-A52DC559375A}.Debug|Any CPU.ActiveCfg = Debug|Any CPU
		{7ADDF464-F6BB-40AC-83CD-A52DC559375A}.Debug|Any CPU.Build.0 = Debug|Any CPU
		{7ADDF464-F6BB-40AC-83CD-A52DC559375A}.Release|Any CPU.ActiveCfg = Release|Any CPU
		{7ADDF464-F6BB-40AC-83CD-A52DC559375A}.Release|Any CPU.Build.0 = Release|Any CPU
		{3C49010D-AE78-420D-B856-F6D3E2CA1706}.Debug|Any CPU.ActiveCfg = Debug|Any CPU
		{3C49010D-AE78-420D-B856-F6D3E2CA1706}.Debug|Any CPU.Build.0 = Debug|Any CPU
		{3C49010D-AE78-420D-B856-F6D3E2CA1706}.Release|Any CPU.ActiveCfg = Release|Any CPU
		{3C49010D-AE78-420D-B856-F6D3E2CA1706}.Release|Any CPU.Build.0 = Release|Any CPU
		{B2D4E1C0-1A18-49A6-8E30-D8BBA427D3BF}.Debug|Any CPU.ActiveCfg = Debug|Any CPU
		{B2D4E1C0-1A18-49A6-8E30-D8BBA427D3BF}.Debug|Any CPU.Build.0 = Debug|Any CPU
		{B2D4E1C0-1A18-49A6-8E30-D8BBA427D3BF}.Release|Any CPU.ActiveCfg = Release|Any CPU
		{B2D4E1C0-1A18-49A6-8E30-D8BBA427D3BF}.Release|Any CPU.Build.0 = Release|Any CPU
		{FCF3580E-2FDC-4694-9A04-A1B5265181A9}.Debug|Any CPU.ActiveCfg = Debug|Any CPU
		{FCF3580E-2FDC-4694-9A04-A1B5265181A9}.Debug|Any CPU.Build.0 = Debug|Any CPU
		{FCF3580E-2FDC-4694-9A04-A1B5265181A9}.Release|Any CPU.ActiveCfg = Release|Any CPU
		{FCF3580E-2FDC-4694-9A04-A1B5265181A9}.Release|Any CPU.Build.0 = Release|Any CPU
		{356A237D-FEFC-42A3-823E-71D62D8EB9BE}.Debug|Any CPU.ActiveCfg = Debug|Any CPU
		{356A237D-FEFC-42A3-823E-71D62D8EB9BE}.Debug|Any CPU.Build.0 = Debug|Any CPU
		{356A237D-FEFC-42A3-823E-71D62D8EB9BE}.Release|Any CPU.ActiveCfg = Release|Any CPU
		{356A237D-FEFC-42A3-823E-71D62D8EB9BE}.Release|Any CPU.Build.0 = Release|Any CPU
	EndGlobalSection
	GlobalSection(SolutionProperties) = preSolution
		HideSolutionNode = FALSE
	EndGlobalSection
EndGlobal
