
Microsoft Visual Studio Solution File, Format Version 12.00
# Visual Studio 14
VisualStudioVersion = 14.0.25420.1
MinimumVisualStudioVersion = 10.0.40219.1
Project("{FAE04EC0-301F-11D3-BF4B-00C04F79EFBC}") = "Task1", "Task1\Task1.csproj", "{114EF01C-B86F-451A-B269-8BEB6BFA0DB8}"
EndProject
Project("{FAE04EC0-301F-11D3-BF4B-00C04F79EFBC}") = "Task3", "Task3\Task3.csproj", "{E1CE91AA-DDC0-4E48-ACF9-F20D6BC78B2D}"
EndProject
Project("{FAE04EC0-301F-11D3-BF4B-00C04F79EFBC}") = "Task2", "Task2\Task2.csproj", "{D88001B4-2143-442A-8F97-796065817692}"
EndProject
Global
	GlobalSection(SolutionConfigurationPlatforms) = preSolution
		Debug|Any CPU = Debug|Any CPU
		Release|Any CPU = Release|Any CPU
	EndGlobalSection
	GlobalSection(ProjectConfigurationPlatforms) = postSolution
		{114EF01C-B86F-451A-B269-8BEB6BFA0DB8}.Debug|Any CPU.ActiveCfg = Debug|Any CPU
		{114EF01C-B86F-451A-B269-8BEB6BFA0DB8}.Debug|Any CPU.Build.0 = Debug|Any CPU
		{114EF01C-B86F-451A-B269-8BEB6BFA0DB8}.Release|Any CPU.ActiveCfg = Release|Any CPU
		{114EF01C-B86F-451A-B269-8BEB6BFA0DB8}.Release|Any CPU.Build.0 = Release|Any CPU
		{E1CE91AA-DDC0-4E48-ACF9-F20D6BC78B2D}.Debug|Any CPU.ActiveCfg = Debug|Any CPU
		{E1CE91AA-DDC0-4E48-ACF9-F20D6BC78B2D}.Debug|Any CPU.Build.0 = Debug|Any CPU
		{E1CE91AA-DDC0-4E48-ACF9-F20D6BC78B2D}.Release|Any CPU.ActiveCfg = Release|Any CPU
		{E1CE91AA-DDC0-4E48-ACF9-F20D6BC78B2D}.Release|Any CPU.Build.0 = Release|Any CPU
		{D88001B4-2143-442A-8F97-796065817692}.Debug|Any CPU.ActiveCfg = Debug|Any CPU
		{D88001B4-2143-442A-8F97-796065817692}.Debug|Any CPU.Build.0 = Debug|Any CPU
		{D88001B4-2143-442A-8F97-796065817692}.Release|Any CPU.ActiveCfg = Release|Any CPU
		{D88001B4-2143-442A-8F97-796065817692}.Release|Any CPU.Build.0 = Release|Any CPU
	EndGlobalSection
	GlobalSection(SolutionProperties) = preSolution
		HideSolutionNode = FALSE
	EndGlobalSection
EndGlobal
