
Microsoft Visual Studio Solution File, Format Version 12.00
# Visual Studio 14
VisualStudioVersion = 14.0.25420.1
MinimumVisualStudioVersion = 10.0.40219.1
Project("{FAE04EC0-301F-11D3-BF4B-00C04F79EFBC}") = "01. Knapsack Problem", "01. Knapsack Problem\01. Knapsack Problem.csproj", "{D85DA658-7F8E-403F-B127-A2A18F0AFAC5}"
EndProject
Global
	GlobalSection(SolutionConfigurationPlatforms) = preSolution
		Debug|Any CPU = Debug|Any CPU
		Release|Any CPU = Release|Any CPU
	EndGlobalSection
	GlobalSection(ProjectConfigurationPlatforms) = postSolution
		{D85DA658-7F8E-403F-B127-A2A18F0AFAC5}.Debug|Any CPU.ActiveCfg = Debug|Any CPU
		{D85DA658-7F8E-403F-B127-A2A18F0AFAC5}.Debug|Any CPU.Build.0 = Debug|Any CPU
		{D85DA658-7F8E-403F-B127-A2A18F0AFAC5}.Release|Any CPU.ActiveCfg = Release|Any CPU
		{D85DA658-7F8E-403F-B127-A2A18F0AFAC5}.Release|Any CPU.Build.0 = Release|Any CPU
	EndGlobalSection
	GlobalSection(SolutionProperties) = preSolution
		HideSolutionNode = FALSE
	EndGlobalSection
EndGlobal
