
Microsoft Visual Studio Solution File, Format Version 12.00
# Visual Studio 14
VisualStudioVersion = 14.0.25420.1
MinimumVisualStudioVersion = 10.0.40219.1
Project("{FAE04EC0-301F-11D3-BF4B-00C04F79EFBC}") = "Pipe", "Pipe\Pipe.csproj", "{DEAFDC3A-D099-47DE-8816-7F1CA16DA6E8}"
EndProject
Project("{FAE04EC0-301F-11D3-BF4B-00C04F79EFBC}") = "Pipes-V2", "StartUp-V2\Pipes-V2.csproj", "{D898C955-9DEB-42F1-A552-A57ABA610A27}"
EndProject
Global
	GlobalSection(SolutionConfigurationPlatforms) = preSolution
		Debug|Any CPU = Debug|Any CPU
		Release|Any CPU = Release|Any CPU
	EndGlobalSection
	GlobalSection(ProjectConfigurationPlatforms) = postSolution
		{DEAFDC3A-D099-47DE-8816-7F1CA16DA6E8}.Debug|Any CPU.ActiveCfg = Debug|Any CPU
		{DEAFDC3A-D099-47DE-8816-7F1CA16DA6E8}.Debug|Any CPU.Build.0 = Debug|Any CPU
		{DEAFDC3A-D099-47DE-8816-7F1CA16DA6E8}.Release|Any CPU.ActiveCfg = Release|Any CPU
		{DEAFDC3A-D099-47DE-8816-7F1CA16DA6E8}.Release|Any CPU.Build.0 = Release|Any CPU
		{D898C955-9DEB-42F1-A552-A57ABA610A27}.Debug|Any CPU.ActiveCfg = Debug|Any CPU
		{D898C955-9DEB-42F1-A552-A57ABA610A27}.Debug|Any CPU.Build.0 = Debug|Any CPU
		{D898C955-9DEB-42F1-A552-A57ABA610A27}.Release|Any CPU.ActiveCfg = Release|Any CPU
		{D898C955-9DEB-42F1-A552-A57ABA610A27}.Release|Any CPU.Build.0 = Release|Any CPU
	EndGlobalSection
	GlobalSection(SolutionProperties) = preSolution
		HideSolutionNode = FALSE
	EndGlobalSection
EndGlobal
