
Microsoft Visual Studio Solution File, Format Version 12.00
# Visual Studio 14
VisualStudioVersion = 14.0.25420.1
MinimumVisualStudioVersion = 10.0.40219.1
Project("{FAE04EC0-301F-11D3-BF4B-00C04F79EFBC}") = "01. Counts in a given array", "01. Counts in a given array\01. Counts in a given array.csproj", "{31239ABE-B0BD-4357-8FD4-466E61F893CF}"
EndProject
Project("{FAE04EC0-301F-11D3-BF4B-00C04F79EFBC}") = "02. Extracts from a given sequence odd number", "02. Extracts from a given sequence odd number\02. Extracts from a given sequence odd number.csproj", "{F23A9690-7A12-45BB-B384-2A9DF8BCD189}"
EndProject
Global
	GlobalSection(SolutionConfigurationPlatforms) = preSolution
		Debug|Any CPU = Debug|Any CPU
		Release|Any CPU = Release|Any CPU
	EndGlobalSection
	GlobalSection(ProjectConfigurationPlatforms) = postSolution
		{31239ABE-B0BD-4357-8FD4-466E61F893CF}.Debug|Any CPU.ActiveCfg = Debug|Any CPU
		{31239ABE-B0BD-4357-8FD4-466E61F893CF}.Debug|Any CPU.Build.0 = Debug|Any CPU
		{31239ABE-B0BD-4357-8FD4-466E61F893CF}.Release|Any CPU.ActiveCfg = Release|Any CPU
		{31239ABE-B0BD-4357-8FD4-466E61F893CF}.Release|Any CPU.Build.0 = Release|Any CPU
		{F23A9690-7A12-45BB-B384-2A9DF8BCD189}.Debug|Any CPU.ActiveCfg = Debug|Any CPU
		{F23A9690-7A12-45BB-B384-2A9DF8BCD189}.Debug|Any CPU.Build.0 = Debug|Any CPU
		{F23A9690-7A12-45BB-B384-2A9DF8BCD189}.Release|Any CPU.ActiveCfg = Release|Any CPU
		{F23A9690-7A12-45BB-B384-2A9DF8BCD189}.Release|Any CPU.Build.0 = Release|Any CPU
	EndGlobalSection
	GlobalSection(SolutionProperties) = preSolution
		HideSolutionNode = FALSE
	EndGlobalSection
EndGlobal
