
Microsoft Visual Studio Solution File, Format Version 12.00
# Visual Studio 14
VisualStudioVersion = 14.0.25420.1
MinimumVisualStudioVersion = 10.0.40219.1
Project("{FAE04EC0-301F-11D3-BF4B-00C04F79EFBC}") = "RepeatingPattern", "RepeatingPattern\RepeatingPattern.csproj", "{766FF9CF-431D-4DD1-9C9F-32FA98E67536}"
EndProject
Project("{FAE04EC0-301F-11D3-BF4B-00C04F79EFBC}") = "RepeatingPatternFast", "RepeatingPatternFast\RepeatingPatternFast.csproj", "{958D7178-17EE-4B62-A5D6-0A06BBDADDC8}"
EndProject
Global
	GlobalSection(SolutionConfigurationPlatforms) = preSolution
		Debug|Any CPU = Debug|Any CPU
		Release|Any CPU = Release|Any CPU
	EndGlobalSection
	GlobalSection(ProjectConfigurationPlatforms) = postSolution
		{766FF9CF-431D-4DD1-9C9F-32FA98E67536}.Debug|Any CPU.ActiveCfg = Debug|Any CPU
		{766FF9CF-431D-4DD1-9C9F-32FA98E67536}.Debug|Any CPU.Build.0 = Debug|Any CPU
		{766FF9CF-431D-4DD1-9C9F-32FA98E67536}.Release|Any CPU.ActiveCfg = Release|Any CPU
		{766FF9CF-431D-4DD1-9C9F-32FA98E67536}.Release|Any CPU.Build.0 = Release|Any CPU
		{958D7178-17EE-4B62-A5D6-0A06BBDADDC8}.Debug|Any CPU.ActiveCfg = Debug|Any CPU
		{958D7178-17EE-4B62-A5D6-0A06BBDADDC8}.Debug|Any CPU.Build.0 = Debug|Any CPU
		{958D7178-17EE-4B62-A5D6-0A06BBDADDC8}.Release|Any CPU.ActiveCfg = Release|Any CPU
		{958D7178-17EE-4B62-A5D6-0A06BBDADDC8}.Release|Any CPU.Build.0 = Release|Any CPU
	EndGlobalSection
	GlobalSection(SolutionProperties) = preSolution
		HideSolutionNode = FALSE
	EndGlobalSection
EndGlobal
