
Microsoft Visual Studio Solution File, Format Version 12.00
# Visual Studio 14
VisualStudioVersion = 14.0.25420.1
MinimumVisualStudioVersion = 10.0.40219.1
Project("{FAE04EC0-301F-11D3-BF4B-00C04F79EFBC}") = "Friends of Pesho", "Friends of Pesho\Friends of Pesho.csproj", "{61C1F81D-4D91-45BD-8FA9-3AA57FD3C4A5}"
EndProject
Project("{FAE04EC0-301F-11D3-BF4B-00C04F79EFBC}") = "Dijkstra.Algoritm", "Dijkstra.Algoritm\Dijkstra.Algoritm.csproj", "{537AF4E9-3176-414E-992D-572BD09338E1}"
EndProject
Global
	GlobalSection(SolutionConfigurationPlatforms) = preSolution
		Debug|Any CPU = Debug|Any CPU
		Release|Any CPU = Release|Any CPU
	EndGlobalSection
	GlobalSection(ProjectConfigurationPlatforms) = postSolution
		{61C1F81D-4D91-45BD-8FA9-3AA57FD3C4A5}.Debug|Any CPU.ActiveCfg = Debug|Any CPU
		{61C1F81D-4D91-45BD-8FA9-3AA57FD3C4A5}.Debug|Any CPU.Build.0 = Debug|Any CPU
		{61C1F81D-4D91-45BD-8FA9-3AA57FD3C4A5}.Release|Any CPU.ActiveCfg = Release|Any CPU
		{61C1F81D-4D91-45BD-8FA9-3AA57FD3C4A5}.Release|Any CPU.Build.0 = Release|Any CPU
		{537AF4E9-3176-414E-992D-572BD09338E1}.Debug|Any CPU.ActiveCfg = Debug|Any CPU
		{537AF4E9-3176-414E-992D-572BD09338E1}.Debug|Any CPU.Build.0 = Debug|Any CPU
		{537AF4E9-3176-414E-992D-572BD09338E1}.Release|Any CPU.ActiveCfg = Release|Any CPU
		{537AF4E9-3176-414E-992D-572BD09338E1}.Release|Any CPU.Build.0 = Release|Any CPU
	EndGlobalSection
	GlobalSection(SolutionProperties) = preSolution
		HideSolutionNode = FALSE
	EndGlobalSection
EndGlobal
