
Microsoft Visual Studio Solution File, Format Version 12.00
# Visual Studio 14
VisualStudioVersion = 14.0.25420.1
MinimumVisualStudioVersion = 10.0.40219.1
Project("{FAE04EC0-301F-11D3-BF4B-00C04F79EFBC}") = "01. Hourses", "01. Hourses\01. Hourses.csproj", "{6D36EF4C-A9E8-4173-B619-4B00F3B94FAF}"
EndProject
Project("{FAE04EC0-301F-11D3-BF4B-00C04F79EFBC}") = "02. Doge Coin", "02. Doge Coin\02. Doge Coin.csproj", "{A80E374D-8409-4350-9A53-D01AD5C60864}"
EndProject
Project("{FAE04EC0-301F-11D3-BF4B-00C04F79EFBC}") = "03. Hungry Tom", "03. Hungry Tom\03. Hungry Tom.csproj", "{D3980B82-1BBD-47AB-A879-2827D39A72B8}"
EndProject
Project("{FAE04EC0-301F-11D3-BF4B-00C04F79EFBC}") = "04. Businessmen", "04. Businessmen\04. Businessmen.csproj", "{E134F5E6-00D7-4E63-9D4E-F739562C289A}"
EndProject
Project("{FAE04EC0-301F-11D3-BF4B-00C04F79EFBC}") = "05. Friends", "05. Friends\05. Friends.csproj", "{80692E6F-7C3F-4E6C-9B66-E7A89B1DC51C}"
EndProject
Project("{FAE04EC0-301F-11D3-BF4B-00C04F79EFBC}") = "06. Combinations with duplicates", "06. Combinations with duplicates\06. Combinations with duplicates.csproj", "{2F683772-B1AA-4889-A629-F1ECD848C56F}"
EndProject
Project("{FAE04EC0-301F-11D3-BF4B-00C04F79EFBC}") = "07. All paths between two cells", "07. All paths between two cells\07. All paths between two cells.csproj", "{B29FD662-F24E-4A00-9F9D-85F5F7C9D266}"
EndProject
Project("{FAE04EC0-301F-11D3-BF4B-00C04F79EFBC}") = "08. SuperSum", "08. SuperSum\08. SuperSum.csproj", "{C611056D-188B-4422-A950-6D731A0A3B3B}"
EndProject
Project("{FAE04EC0-301F-11D3-BF4B-00C04F79EFBC}") = "09. A Box Full of Balls", "09. A Box Full of Balls\09. A Box Full of Balls.csproj", "{41D54EBA-D4FB-48AB-B753-B02B0F34AE5E}"
EndProject
Project("{FAE04EC0-301F-11D3-BF4B-00C04F79EFBC}") = "10. Office Space - Recursive", "10. Office Space - Recursive\10. Office Space - Recursive.csproj", "{2E822D9C-C6A2-46E9-9D6B-0F8AA2B43BA6}"
EndProject
Project("{FAE04EC0-301F-11D3-BF4B-00C04F79EFBC}") = "11. Guards", "11. Guards\11. Guards.csproj", "{2E9A457C-80F2-46F7-8D5B-94C1705ACA71}"
EndProject
Project("{FAE04EC0-301F-11D3-BF4B-00C04F79EFBC}") = "11. Guards v2", "11. Guards v2\11. Guards v2.csproj", "{F5A3D59A-8392-49B2-8E0D-29F57B3959F2}"
EndProject
Project("{FAE04EC0-301F-11D3-BF4B-00C04F79EFBC}") = "12. Numbers - Graph", "12. Numbers - Graph\12. Numbers - Graph.csproj", "{E3D2A76F-A256-404F-B24E-0CBDDF0AA9CA}"
EndProject
Project("{FAE04EC0-301F-11D3-BF4B-00C04F79EFBC}") = "13. Frames", "13. Frames\13. Frames.csproj", "{AEB96978-5567-43D4-BC3F-EFFD422BA04A}"
EndProject
Project("{FAE04EC0-301F-11D3-BF4B-00C04F79EFBC}") = "14. Guitar", "14. Guitar\14. Guitar.csproj", "{09A96584-0395-4539-A799-FB859F0C694B}"
EndProject
Global
	GlobalSection(SolutionConfigurationPlatforms) = preSolution
		Debug|Any CPU = Debug|Any CPU
		Release|Any CPU = Release|Any CPU
	EndGlobalSection
	GlobalSection(ProjectConfigurationPlatforms) = postSolution
		{6D36EF4C-A9E8-4173-B619-4B00F3B94FAF}.Debug|Any CPU.ActiveCfg = Debug|Any CPU
		{6D36EF4C-A9E8-4173-B619-4B00F3B94FAF}.Debug|Any CPU.Build.0 = Debug|Any CPU
		{6D36EF4C-A9E8-4173-B619-4B00F3B94FAF}.Release|Any CPU.ActiveCfg = Release|Any CPU
		{6D36EF4C-A9E8-4173-B619-4B00F3B94FAF}.Release|Any CPU.Build.0 = Release|Any CPU
		{A80E374D-8409-4350-9A53-D01AD5C60864}.Debug|Any CPU.ActiveCfg = Debug|Any CPU
		{A80E374D-8409-4350-9A53-D01AD5C60864}.Debug|Any CPU.Build.0 = Debug|Any CPU
		{A80E374D-8409-4350-9A53-D01AD5C60864}.Release|Any CPU.ActiveCfg = Release|Any CPU
		{A80E374D-8409-4350-9A53-D01AD5C60864}.Release|Any CPU.Build.0 = Release|Any CPU
		{D3980B82-1BBD-47AB-A879-2827D39A72B8}.Debug|Any CPU.ActiveCfg = Debug|Any CPU
		{D3980B82-1BBD-47AB-A879-2827D39A72B8}.Debug|Any CPU.Build.0 = Debug|Any CPU
		{D3980B82-1BBD-47AB-A879-2827D39A72B8}.Release|Any CPU.ActiveCfg = Release|Any CPU
		{D3980B82-1BBD-47AB-A879-2827D39A72B8}.Release|Any CPU.Build.0 = Release|Any CPU
		{E134F5E6-00D7-4E63-9D4E-F739562C289A}.Debug|Any CPU.ActiveCfg = Debug|Any CPU
		{E134F5E6-00D7-4E63-9D4E-F739562C289A}.Debug|Any CPU.Build.0 = Debug|Any CPU
		{E134F5E6-00D7-4E63-9D4E-F739562C289A}.Release|Any CPU.ActiveCfg = Release|Any CPU
		{E134F5E6-00D7-4E63-9D4E-F739562C289A}.Release|Any CPU.Build.0 = Release|Any CPU
		{80692E6F-7C3F-4E6C-9B66-E7A89B1DC51C}.Debug|Any CPU.ActiveCfg = Debug|Any CPU
		{80692E6F-7C3F-4E6C-9B66-E7A89B1DC51C}.Debug|Any CPU.Build.0 = Debug|Any CPU
		{80692E6F-7C3F-4E6C-9B66-E7A89B1DC51C}.Release|Any CPU.ActiveCfg = Release|Any CPU
		{80692E6F-7C3F-4E6C-9B66-E7A89B1DC51C}.Release|Any CPU.Build.0 = Release|Any CPU
		{2F683772-B1AA-4889-A629-F1ECD848C56F}.Debug|Any CPU.ActiveCfg = Debug|Any CPU
		{2F683772-B1AA-4889-A629-F1ECD848C56F}.Debug|Any CPU.Build.0 = Debug|Any CPU
		{2F683772-B1AA-4889-A629-F1ECD848C56F}.Release|Any CPU.ActiveCfg = Release|Any CPU
		{2F683772-B1AA-4889-A629-F1ECD848C56F}.Release|Any CPU.Build.0 = Release|Any CPU
		{B29FD662-F24E-4A00-9F9D-85F5F7C9D266}.Debug|Any CPU.ActiveCfg = Debug|Any CPU
		{B29FD662-F24E-4A00-9F9D-85F5F7C9D266}.Debug|Any CPU.Build.0 = Debug|Any CPU
		{B29FD662-F24E-4A00-9F9D-85F5F7C9D266}.Release|Any CPU.ActiveCfg = Release|Any CPU
		{B29FD662-F24E-4A00-9F9D-85F5F7C9D266}.Release|Any CPU.Build.0 = Release|Any CPU
		{C611056D-188B-4422-A950-6D731A0A3B3B}.Debug|Any CPU.ActiveCfg = Debug|Any CPU
		{C611056D-188B-4422-A950-6D731A0A3B3B}.Debug|Any CPU.Build.0 = Debug|Any CPU
		{C611056D-188B-4422-A950-6D731A0A3B3B}.Release|Any CPU.ActiveCfg = Release|Any CPU
		{C611056D-188B-4422-A950-6D731A0A3B3B}.Release|Any CPU.Build.0 = Release|Any CPU
		{41D54EBA-D4FB-48AB-B753-B02B0F34AE5E}.Debug|Any CPU.ActiveCfg = Debug|Any CPU
		{41D54EBA-D4FB-48AB-B753-B02B0F34AE5E}.Debug|Any CPU.Build.0 = Debug|Any CPU
		{41D54EBA-D4FB-48AB-B753-B02B0F34AE5E}.Release|Any CPU.ActiveCfg = Release|Any CPU
		{41D54EBA-D4FB-48AB-B753-B02B0F34AE5E}.Release|Any CPU.Build.0 = Release|Any CPU
		{2E822D9C-C6A2-46E9-9D6B-0F8AA2B43BA6}.Debug|Any CPU.ActiveCfg = Debug|Any CPU
		{2E822D9C-C6A2-46E9-9D6B-0F8AA2B43BA6}.Debug|Any CPU.Build.0 = Debug|Any CPU
		{2E822D9C-C6A2-46E9-9D6B-0F8AA2B43BA6}.Release|Any CPU.ActiveCfg = Release|Any CPU
		{2E822D9C-C6A2-46E9-9D6B-0F8AA2B43BA6}.Release|Any CPU.Build.0 = Release|Any CPU
		{2E9A457C-80F2-46F7-8D5B-94C1705ACA71}.Debug|Any CPU.ActiveCfg = Debug|Any CPU
		{2E9A457C-80F2-46F7-8D5B-94C1705ACA71}.Debug|Any CPU.Build.0 = Debug|Any CPU
		{2E9A457C-80F2-46F7-8D5B-94C1705ACA71}.Release|Any CPU.ActiveCfg = Release|Any CPU
		{2E9A457C-80F2-46F7-8D5B-94C1705ACA71}.Release|Any CPU.Build.0 = Release|Any CPU
		{F5A3D59A-8392-49B2-8E0D-29F57B3959F2}.Debug|Any CPU.ActiveCfg = Debug|Any CPU
		{F5A3D59A-8392-49B2-8E0D-29F57B3959F2}.Debug|Any CPU.Build.0 = Debug|Any CPU
		{F5A3D59A-8392-49B2-8E0D-29F57B3959F2}.Release|Any CPU.ActiveCfg = Release|Any CPU
		{F5A3D59A-8392-49B2-8E0D-29F57B3959F2}.Release|Any CPU.Build.0 = Release|Any CPU
		{E3D2A76F-A256-404F-B24E-0CBDDF0AA9CA}.Debug|Any CPU.ActiveCfg = Debug|Any CPU
		{E3D2A76F-A256-404F-B24E-0CBDDF0AA9CA}.Debug|Any CPU.Build.0 = Debug|Any CPU
		{E3D2A76F-A256-404F-B24E-0CBDDF0AA9CA}.Release|Any CPU.ActiveCfg = Release|Any CPU
		{E3D2A76F-A256-404F-B24E-0CBDDF0AA9CA}.Release|Any CPU.Build.0 = Release|Any CPU
		{AEB96978-5567-43D4-BC3F-EFFD422BA04A}.Debug|Any CPU.ActiveCfg = Debug|Any CPU
		{AEB96978-5567-43D4-BC3F-EFFD422BA04A}.Debug|Any CPU.Build.0 = Debug|Any CPU
		{AEB96978-5567-43D4-BC3F-EFFD422BA04A}.Release|Any CPU.ActiveCfg = Release|Any CPU
		{AEB96978-5567-43D4-BC3F-EFFD422BA04A}.Release|Any CPU.Build.0 = Release|Any CPU
		{09A96584-0395-4539-A799-FB859F0C694B}.Debug|Any CPU.ActiveCfg = Debug|Any CPU
		{09A96584-0395-4539-A799-FB859F0C694B}.Debug|Any CPU.Build.0 = Debug|Any CPU
		{09A96584-0395-4539-A799-FB859F0C694B}.Release|Any CPU.ActiveCfg = Release|Any CPU
		{09A96584-0395-4539-A799-FB859F0C694B}.Release|Any CPU.Build.0 = Release|Any CPU
	EndGlobalSection
	GlobalSection(SolutionProperties) = preSolution
		HideSolutionNode = FALSE
	EndGlobalSection
EndGlobal
